<?xml version="1.0" encoding="utf-8"?>
<Project ToolsVersion="4.0" xmlns="http://schemas.microsoft.com/developer/msbuild/2003">
  <ItemGroup>
    <Filter Include="Source Files">
      <UniqueIdentifier>{4FC737F1-C7A5-4376-A066-2A32D752A2FF}</UniqueIdentifier>
      <Extensions>cpp;c;cc;cxx;def;odl;idl;hpj;bat;asm;asmx</Extensions>
    </Filter>
    <Filter Include="Header Files">
      <UniqueIdentifier>{93995380-89BD-4b04-88EB-625FBE52EBFB}</UniqueIdentifier>
      <Extensions>h;hh;hpp;hxx;hm;inl;inc;xsd</Extensions>
    </Filter>
    <Filter Include="Resource Files">
      <UniqueIdentifier>{67DA6AB6-F800-4c08-8B7A-83BB121AAD01}</UniqueIdentifier>
      <Extensions>rc;ico;cur;bmp;dlg;rc2;rct;bin;rgs;gif;jpg;jpeg;jpe;resx;tiff;tif;png;wav;mfcribbon-ms</Extensions>
    </Filter>
    <Filter Include="Shader">
      <UniqueIdentifier>{66362668-9ae5-4570-8084-747cceba7cb8}</UniqueIdentifier>
    </Filter>
  </ItemGroup>
  <ItemGroup>
    <ClCompile Include="main.cpp">
      <Filter>Source Files</Filter>
    </ClCompile>
    <ClCompile Include="controls.cpp">
      <Filter>Source Files</Filter>
    </ClCompile>
    <ClCompile Include="objloader.cpp">
      <Filter>Source Files</Filter>
    </ClCompile>
    <ClCompile Include="quaternion_utils.cpp">
      <Filter>Source Files</Filter>
    </ClCompile>
    <ClCompile Include="shader.cpp">
      <Filter>Source Files</Filter>
    </ClCompile>
    <ClCompile Include="tangentspace.cpp">
      <Filter>Source Files</Filter>
    </ClCompile>
    <ClCompile Include="text2D.cpp">
      <Filter>Source Files</Filter>
    </ClCompile>
    <ClCompile Include="texture.cpp">
      <Filter>Source Files</Filter>
    </ClCompile>
    <ClCompile Include="vboindexer.cpp">
      <Filter>Source Files</Filter>
    </ClCompile>
    <ClCompile Include="terrain.cpp">
      <Filter>Source Files</Filter>
    </ClCompile>
    <ClCompile Include="terrainData.cpp">
      <Filter>Source Files</Filter>
    </ClCompile>
    <ClCompile Include="pTex.cpp">
      <Filter>Source Files</Filter>
    </ClCompile>
    <ClCompile Include="ddsloader.cpp">
      <Filter>Source Files</Filter>
    </ClCompile>
    <ClCompile Include="dds_reader.cpp">
      <Filter>Source Files</Filter>
    </ClCompile>
    <ClCompile Include="vTex.cpp">
      <Filter>Source Files</Filter>
    </ClCompile>
    <ClCompile Include="VTshader.cpp">
      <Filter>Source Files</Filter>
    </ClCompile>
    <ClCompile Include="framebuffer.cpp">
      <Filter>Source Files</Filter>
    </ClCompile>
    <ClCompile Include="shaderspecular.cpp">
      <Filter>Source Files</Filter>
    </ClCompile>
    <ClCompile Include="shadercooktorrance.cpp">
      <Filter>Source Files</Filter>
    </ClCompile>
    <ClCompile Include="shaderphong.cpp">
      <Filter>Source Files</Filter>
    </ClCompile>
    <ClCompile Include="util.cpp">
      <Filter>Source Files</Filter>
    </ClCompile>
    <ClCompile Include="shadernull.cpp">
      <Filter>Source Files</Filter>
    </ClCompile>
    <ClCompile Include="Page.cpp">
      <Filter>Source Files</Filter>
    </ClCompile>
    <ClCompile Include="ImageCompare.cpp">
      <Filter>Source Files</Filter>
    </ClCompile>
    <ClCompile Include="sat.cpp">
      <Filter>Source Files</Filter>
    </ClCompile>
    <ClCompile Include="shadowmap.cpp">
      <Filter>Source Files</Filter>
    </ClCompile>
    <ClCompile Include="shadershadow.cpp">
      <Filter>Source Files</Filter>
    </ClCompile>
  </ItemGroup>
  <ItemGroup>
    <ClInclude Include="controls.hpp">
      <Filter>Header Files</Filter>
    </ClInclude>
    <ClInclude Include="ground.h">
      <Filter>Header Files</Filter>
    </ClInclude>
    <ClInclude Include="objloader.hpp">
      <Filter>Header Files</Filter>
    </ClInclude>
    <ClInclude Include="quaternion_utils.hpp">
      <Filter>Header Files</Filter>
    </ClInclude>
    <ClInclude Include="shader.hpp">
      <Filter>Header Files</Filter>
    </ClInclude>
    <ClInclude Include="specularlight.h">
      <Filter>Header Files</Filter>
    </ClInclude>
    <ClInclude Include="tangentspace.hpp">
      <Filter>Header Files</Filter>
    </ClInclude>
    <ClInclude Include="text2D.hpp">
      <Filter>Header Files</Filter>
    </ClInclude>
    <ClInclude Include="texture.hpp">
      <Filter>Header Files</Filter>
    </ClInclude>
    <ClInclude Include="vboindexer.hpp">
      <Filter>Header Files</Filter>
    </ClInclude>
    <ClInclude Include="terrain.h">
      <Filter>Header Files</Filter>
    </ClInclude>
    <ClInclude Include="shading.h">
      <Filter>Header Files</Filter>
    </ClInclude>
    <ClInclude Include="shaderuniform.h">
      <Filter>Header Files</Filter>
    </ClInclude>
    <ClInclude Include="light.h">
      <Filter>Header Files</Filter>
    </ClInclude>
    <ClInclude Include="VTex.h">
      <Filter>Header Files</Filter>
    </ClInclude>
    <ClInclude Include="page.h">
      <Filter>Header Files</Filter>
    </ClInclude>
    <ClInclude Include="pTex.h">
      <Filter>Header Files</Filter>
    </ClInclude>
    <ClInclude Include="util.h">
      <Filter>Header Files</Filter>
    </ClInclude>
    <ClInclude Include="terrainData.h">
      <Filter>Header Files</Filter>
    </ClInclude>
    <ClInclude Include="ddsloader.h">
      <Filter>Header Files</Filter>
    </ClInclude>
    <ClInclude Include="dds_reader.h">
      <Filter>Header Files</Filter>
    </ClInclude>
    <ClInclude Include="VTshader.h">
      <Filter>Header Files</Filter>
    </ClInclude>
    <ClInclude Include="framebuffer.h">
      <Filter>Header Files</Filter>
    </ClInclude>
    <ClInclude Include="shaderspecular.h">
      <Filter>Header Files</Filter>
    </ClInclude>
    <ClInclude Include="shadercooktorrance.h">
      <Filter>Header Files</Filter>
    </ClInclude>
    <ClInclude Include="shaderphong.h">
      <Filter>Header Files</Filter>
    </ClInclude>
    <ClInclude Include="shadernull.h">
      <Filter>Header Files</Filter>
    </ClInclude>
    <ClInclude Include="ImageCompare.h">
      <Filter>Header Files</Filter>
    </ClInclude>
    <ClInclude Include="sat.h">
      <Filter>Header Files</Filter>
    </ClInclude>
    <ClInclude Include="resource.h">
      <Filter>Header Files</Filter>
    </ClInclude>
    <ClInclude Include="shadowmap.h">
      <Filter>Header Files</Filter>
    </ClInclude>
    <ClInclude Include="shadershadow.h">
      <Filter>Header Files</Filter>
    </ClInclude>
  </ItemGroup>
  <ItemGroup>
    <None Include="shader\vt_vert.glsl">
      <Filter>Shader</Filter>
    </None>
    <None Include="shader\vt_fragment.glsl">
      <Filter>Shader</Filter>
    </None>
    <None Include="shader\specular_vert.glsl">
      <Filter>Shader</Filter>
    </None>
    <None Include="shader\specular_fragment.glsl">
      <Filter>Shader</Filter>
    </None>
    <None Include="shader\screen_fragment.glsl">
      <Filter>Shader</Filter>
    </None>
    <None Include="shader\screen_vert.glsl">
      <Filter>Shader</Filter>
    </None>
    <None Include="shader\phong_vert.glsl">
      <Filter>Shader</Filter>
    </None>
    <None Include="shader\phong_fragment.glsl">
      <Filter>Shader</Filter>
    </None>
    <None Include="shader\cooktorrance_vert.glsl">
      <Filter>Shader</Filter>
    </None>
    <None Include="shader\cooktorrance_fragment.glsl">
      <Filter>Shader</Filter>
    </None>
    <None Include="shader\null_vert.glsl">
      <Filter>Shader</Filter>
    </None>
    <None Include="shader\null_fragment.glsl">
      <Filter>Shader</Filter>
    </None>
    <None Include="shader\shadow_vert.glsl">
      <Filter>Shader</Filter>
    </None>
    <None Include="shader\shadow_fragment.glsl">
      <Filter>Shader</Filter>
    </None>
  </ItemGroup>
  <ItemGroup>
    <ResourceCompile Include="Framework.rc">
      <Filter>Resource Files</Filter>
    </ResourceCompile>
  </ItemGroup>
</Project>